
Microsoft Visual Studio Solution File, Format Version 12.00
# Visual Studio 14
VisualStudioVersion = 14.0.25420.1
MinimumVisualStudioVersion = 10.0.40219.1
Project("{2150E333-8FDC-42A3-9474-1A3956D46DE8}") = "src", "src", "{183B03E0-A11A-43DD-9C61-BC2524FC80D2}"
EndProject
Project("{2150E333-8FDC-42A3-9474-1A3956D46DE8}") = "Solution Items", "Solution Items", "{73A16176-7243-4692-8BA2-925440B57A81}"
	ProjectSection(SolutionItems) = preProject
		global.json = global.json
	EndProjectSection
EndProject
Project("{8BB2217D-0F2D-49D1-97BC-3654ED321F3B}") = "HRExpert", "src\HRExpert\HRExpert.xproj", "{93FC7457-1540-41CC-8932-86746E8933FE}"
EndProject
Project("{2150E333-8FDC-42A3-9474-1A3956D46DE8}") = "Database", "Database", "{782AD7A8-D4B9-4432-8631-4014394D1D1F}"
EndProject
Project("{00D1A9C2-B5F0-4AF3-8072-F6C62B433612}") = "HRExpert.Database", "HRExpert.Database\HRExpert.Database.sqlproj", "{2513954A-B9C9-474B-8656-3350011AF8C2}"
EndProject
Project("{8BB2217D-0F2D-49D1-97BC-3654ED321F3B}") = "HRExpert.Organization", "src\Organization\HRExpert.Organization\HRExpert.Organization.xproj", "{64151A0F-ED68-414F-94DD-A02D6D140B7D}"
EndProject
Project("{8BB2217D-0F2D-49D1-97BC-3654ED321F3B}") = "HRExpert.Organization.BL", "src\Organization\HRExpert.Organization.BL\HRExpert.Organization.BL.xproj", "{8F231936-0170-44F7-9BCA-0A7C0F04F297}"
EndProject
Project("{8BB2217D-0F2D-49D1-97BC-3654ED321F3B}") = "HRExpert.Organization.BL.Abstractions", "src\Organization\HRExpert.Organization.BL.Abstractions\HRExpert.Organization.BL.Abstractions.xproj", "{7EFA19CB-5A45-42CE-B926-1E457AD99078}"
EndProject
Project("{8BB2217D-0F2D-49D1-97BC-3654ED321F3B}") = "HRExpert.Organization.Data.Abstractions", "src\Organization\HRExpert.Organization.Data.Abstractions\HRExpert.Organization.Data.Abstractions.xproj", "{069064E9-3794-49BC-B675-73E052DAB994}"
EndProject
Project("{8BB2217D-0F2D-49D1-97BC-3654ED321F3B}") = "HRExpert.Organization.Data.EntityFramework.SqlServer", "src\Organization\HRExpert.Organization.Data.EntityFramework.SqlServer\HRExpert.Organization.Data.EntityFramework.SqlServer.xproj", "{46C6C72A-78B8-4F86-8FC0-6CB27740746D}"
EndProject
Project("{8BB2217D-0F2D-49D1-97BC-3654ED321F3B}") = "HRExpert.Organization.Data.Models", "src\Organization\HRExpert.Organization.Data.Models\HRExpert.Organization.Data.Models.xproj", "{1154E9DA-CEE9-4166-A9CC-91A5904E33F4}"
EndProject
Project("{8BB2217D-0F2D-49D1-97BC-3654ED321F3B}") = "HRExpert.Organization.Data.Models.Abstractions", "src\Organization\HRExpert.Organization.Data.Models.Abstractions\HRExpert.Organization.Data.Models.Abstractions.xproj", "{60F78224-CB5F-4D09-A24E-1ED0234B0740}"
EndProject
Project("{8BB2217D-0F2D-49D1-97BC-3654ED321F3B}") = "HRExpert.Organization.DTO", "src\Organization\HRExpert.Organization.DTO\HRExpert.Organization.DTO.xproj", "{0B7DE642-F99F-4FF7-90B4-5DA187428623}"
EndProject
Project("{2150E333-8FDC-42A3-9474-1A3956D46DE8}") = "Organization", "Organization", "{EB342935-A43C-42EB-BE54-85B1F0BD0717}"
EndProject
Project("{8BB2217D-0F2D-49D1-97BC-3654ED321F3B}") = "Platformus.Barebone", "..\Platformus\src\Platformus.Barebone\Platformus.Barebone.xproj", "{62E2F7DA-4F8B-45F7-B3FF-DC4CDD74C026}"
EndProject
Project("{8BB2217D-0F2D-49D1-97BC-3654ED321F3B}") = "Platformus.Infrastructure", "..\Platformus\src\Platformus.Infrastructure\Platformus.Infrastructure.xproj", "{B6DA19CE-E8FE-4D74-B397-8C08C7C21299}"
EndProject
Project("{8BB2217D-0F2D-49D1-97BC-3654ED321F3B}") = "Platformus.Security", "..\Platformus\src\Platformus.Security\Platformus.Security.xproj", "{94D8F2C9-C2C4-4D92-9ACA-3C88CAC4AF36}"
EndProject
Project("{8BB2217D-0F2D-49D1-97BC-3654ED321F3B}") = "Platformus.Security.Data.Abstractions", "..\Platformus\src\Platformus.Security.Data.Abstractions\Platformus.Security.Data.Abstractions.xproj", "{9DA42087-B86E-47ED-9FCC-218DE0381451}"
EndProject
Project("{8BB2217D-0F2D-49D1-97BC-3654ED321F3B}") = "Platformus.Security.Data.Models", "..\Platformus\src\Platformus.Security.Data.Models\Platformus.Security.Data.Models.xproj", "{4447DB0A-96EC-4D95-B80C-A2D6CA4DC2B1}"
EndProject
Project("{8BB2217D-0F2D-49D1-97BC-3654ED321F3B}") = "Platformus.Barebone.Backend", "..\Platformus\src\Platformus.Barebone.Backend\Platformus.Barebone.Backend.xproj", "{98A339DC-6CEE-42CB-BE23-EF50C0FBFC87}"
EndProject
Project("{8BB2217D-0F2D-49D1-97BC-3654ED321F3B}") = "Platformus.Barebone.Frontend", "..\Platformus\src\Platformus.Barebone.Frontend\Platformus.Barebone.Frontend.xproj", "{47E7DFD9-69D4-4DFF-9A61-22B2F294EC98}"
EndProject
Project("{8BB2217D-0F2D-49D1-97BC-3654ED321F3B}") = "Platformus.Configuration", "..\Platformus\src\Platformus.Configuration\Platformus.Configuration.xproj", "{1AE32C04-99DA-4581-A624-00DCB3061F21}"
EndProject
Project("{8BB2217D-0F2D-49D1-97BC-3654ED321F3B}") = "Platformus.Configuration.Backend", "..\Platformus\src\Platformus.Configuration.Backend\Platformus.Configuration.Backend.xproj", "{C986737E-A18A-41CD-934A-1133C22AD8E0}"
EndProject
Project("{8BB2217D-0F2D-49D1-97BC-3654ED321F3B}") = "Platformus.Configuration.Data.Abstractions", "..\Platformus\src\Platformus.Configuration.Data.Abstractions\Platformus.Configuration.Data.Abstractions.xproj", "{E2DEC5AE-748E-47B6-A24F-D8322F90A1F1}"
EndProject
Project("{8BB2217D-0F2D-49D1-97BC-3654ED321F3B}") = "Platformus.Configuration.Data.EntityFramework.SqlServer", "..\Platformus\src\Platformus.Configuration.Data.EntityFramework.SqlServer\Platformus.Configuration.Data.EntityFramework.SqlServer.xproj", "{F35FCA73-1B05-40AD-B154-2702DFDA0C11}"
EndProject
Project("{8BB2217D-0F2D-49D1-97BC-3654ED321F3B}") = "Platformus.Configuration.Data.Models", "..\Platformus\src\Platformus.Configuration.Data.Models\Platformus.Configuration.Data.Models.xproj", "{B07E4296-9C59-4A5F-BC42-91DA8222BD89}"
EndProject
Project("{8BB2217D-0F2D-49D1-97BC-3654ED321F3B}") = "Platformus.Content", "..\Platformus\src\Platformus.Content\Platformus.Content.xproj", "{D76E2FF2-FDEF-44D5-8774-2EB942476ABE}"
EndProject
Project("{8BB2217D-0F2D-49D1-97BC-3654ED321F3B}") = "Platformus.Content.Backend", "..\Platformus\src\Platformus.Content.Backend\Platformus.Content.Backend.xproj", "{E5DF71BB-986E-44FA-8E85-364C50F322FC}"
EndProject
Project("{8BB2217D-0F2D-49D1-97BC-3654ED321F3B}") = "Platformus.Content.Data.Abstractions", "..\Platformus\src\Platformus.Content.Data.Abstractions\Platformus.Content.Data.Abstractions.xproj", "{7E99AD76-CF1C-44ED-B4F7-D271D445D04D}"
EndProject
Project("{8BB2217D-0F2D-49D1-97BC-3654ED321F3B}") = "Platformus.Content.Data.EntityFramework.SqlServer", "..\Platformus\src\Platformus.Content.Data.EntityFramework.SqlServer\Platformus.Content.Data.EntityFramework.SqlServer.xproj", "{3B808DB4-925B-458F-80E9-9602A6189609}"
EndProject
Project("{8BB2217D-0F2D-49D1-97BC-3654ED321F3B}") = "Platformus.Content.Data.Models", "..\Platformus\src\Platformus.Content.Data.Models\Platformus.Content.Data.Models.xproj", "{790B72DA-CAB7-44FB-A3BA-411D4CA82220}"
EndProject
Project("{8BB2217D-0F2D-49D1-97BC-3654ED321F3B}") = "Platformus.Content.Frontend", "..\Platformus\src\Platformus.Content.Frontend\Platformus.Content.Frontend.xproj", "{A29FAB93-9CB7-4AF4-8461-89143CBD6FCC}"
EndProject
Project("{8BB2217D-0F2D-49D1-97BC-3654ED321F3B}") = "Platformus.Forms", "..\Platformus\src\Platformus.Forms\Platformus.Forms.xproj", "{5975B30E-EA5F-4D59-9995-540E6C242409}"
EndProject
Project("{8BB2217D-0F2D-49D1-97BC-3654ED321F3B}") = "Platformus.Globalization.Data.Models", "..\Platformus\src\Platformus.Globalization.Data.Models\Platformus.Globalization.Data.Models.xproj", "{2E4B77D0-8D86-4E50-8C01-966405170180}"
EndProject
Project("{8BB2217D-0F2D-49D1-97BC-3654ED321F3B}") = "Platformus.Forms.Backend", "..\Platformus\src\Platformus.Forms.Backend\Platformus.Forms.Backend.xproj", "{274C0139-A1EB-41DB-9B0E-1CB023F36BC6}"
EndProject
Project("{8BB2217D-0F2D-49D1-97BC-3654ED321F3B}") = "Platformus.Forms.Data.Abstractions", "..\Platformus\src\Platformus.Forms.Data.Abstractions\Platformus.Forms.Data.Abstractions.xproj", "{98BEE570-B1C0-4A5D-B484-3D0C409A315A}"
EndProject
Project("{8BB2217D-0F2D-49D1-97BC-3654ED321F3B}") = "Platformus.Forms.Data.EntityFramework.SqlServer", "..\Platformus\src\Platformus.Forms.Data.EntityFramework.SqlServer\Platformus.Forms.Data.EntityFramework.SqlServer.xproj", "{ECCE4EB3-E31B-4A96-A9C1-A7103BA7D4DC}"
EndProject
Project("{8BB2217D-0F2D-49D1-97BC-3654ED321F3B}") = "Platformus.Forms.Data.Models", "..\Platformus\src\Platformus.Forms.Data.Models\Platformus.Forms.Data.Models.xproj", "{F60A7B58-72AA-41EF-A42D-478977AD36C9}"
EndProject
Project("{8BB2217D-0F2D-49D1-97BC-3654ED321F3B}") = "Platformus.Globalization", "..\Platformus\src\Platformus.Globalization\Platformus.Globalization.xproj", "{98742792-181E-4F39-B743-77FF31F854CC}"
EndProject
Project("{8BB2217D-0F2D-49D1-97BC-3654ED321F3B}") = "Platformus.Forms.Frontend", "..\Platformus\src\Platformus.Forms.Frontend\Platformus.Forms.Frontend.xproj", "{DC68B352-7D3F-4709-B076-6F74BFAC823D}"
EndProject
Project("{8BB2217D-0F2D-49D1-97BC-3654ED321F3B}") = "Platformus.Globalization.Data.Abstractions", "..\Platformus\src\Platformus.Globalization.Data.Abstractions\Platformus.Globalization.Data.Abstractions.xproj", "{28A327D1-084F-4647-AF48-6030539EA6D0}"
EndProject
Project("{8BB2217D-0F2D-49D1-97BC-3654ED321F3B}") = "Platformus.Globalization.Backend", "..\Platformus\src\Platformus.Globalization.Backend\Platformus.Globalization.Backend.xproj", "{ED49FFFF-C66D-4A7D-88D6-DB8EB1E20F11}"
EndProject
Project("{8BB2217D-0F2D-49D1-97BC-3654ED321F3B}") = "Platformus.Globalization.Data.EntityFramework.SqlServer", "..\Platformus\src\Platformus.Globalization.Data.EntityFramework.SqlServer\Platformus.Globalization.Data.EntityFramework.SqlServer.xproj", "{C1364FA5-CCE5-45A3-BA97-0833EB1BBC8E}"
EndProject
Project("{8BB2217D-0F2D-49D1-97BC-3654ED321F3B}") = "Platformus.Globalization.Frontend", "..\Platformus\src\Platformus.Globalization.Frontend\Platformus.Globalization.Frontend.xproj", "{8D565D18-5290-4EAD-A718-F73EB500B695}"
EndProject
Project("{8BB2217D-0F2D-49D1-97BC-3654ED321F3B}") = "Platformus.Navigation", "..\Platformus\src\Platformus.Navigation\Platformus.Navigation.xproj", "{21285B6B-31D6-4214-8A97-93AC77F158D4}"
EndProject
Project("{8BB2217D-0F2D-49D1-97BC-3654ED321F3B}") = "Platformus.Navigation.Backend", "..\Platformus\src\Platformus.Navigation.Backend\Platformus.Navigation.Backend.xproj", "{67374D31-113B-480C-9866-F7A596A532A4}"
EndProject
Project("{8BB2217D-0F2D-49D1-97BC-3654ED321F3B}") = "Platformus.Navigation.Data.Abstractions", "..\Platformus\src\Platformus.Navigation.Data.Abstractions\Platformus.Navigation.Data.Abstractions.xproj", "{7825B5C6-A077-4B3E-816D-E9C27F525904}"
EndProject
Project("{8BB2217D-0F2D-49D1-97BC-3654ED321F3B}") = "Platformus.Navigation.Data.EntityFramework.SqlServer", "..\Platformus\src\Platformus.Navigation.Data.EntityFramework.SqlServer\Platformus.Navigation.Data.EntityFramework.SqlServer.xproj", "{84044C80-F0B4-4B19-935D-20DA5A0C7C39}"
EndProject
Project("{8BB2217D-0F2D-49D1-97BC-3654ED321F3B}") = "Platformus.Navigation.Data.Models", "..\Platformus\src\Platformus.Navigation.Data.Models\Platformus.Navigation.Data.Models.xproj", "{BD448EAD-3F90-4363-BF0D-A2307BE115E1}"
EndProject
Project("{8BB2217D-0F2D-49D1-97BC-3654ED321F3B}") = "Platformus.Navigation.Frontend", "..\Platformus\src\Platformus.Navigation.Frontend\Platformus.Navigation.Frontend.xproj", "{642F44BD-D153-4EA8-A331-A700FE737E8A}"
EndProject
Project("{8BB2217D-0F2D-49D1-97BC-3654ED321F3B}") = "Platformus.Security.Backend", "..\Platformus\src\Platformus.Security.Backend\Platformus.Security.Backend.xproj", "{37D9DD58-7E94-4498-A03D-0D99369118C2}"
EndProject
Project("{8BB2217D-0F2D-49D1-97BC-3654ED321F3B}") = "Platformus.Security.Data.EntityFramework.SqlServer", "..\Platformus\src\Platformus.Security.Data.EntityFramework.SqlServer\Platformus.Security.Data.EntityFramework.SqlServer.xproj", "{3DA491A9-0427-4534-963F-7ED4F5675009}"
EndProject
Project("{8BB2217D-0F2D-49D1-97BC-3654ED321F3B}") = "Platformus.Static", "..\Platformus\src\Platformus.Static\Platformus.Static.xproj", "{C935E2F4-A9C6-4D6F-8CA6-191792B0820C}"
EndProject
Project("{8BB2217D-0F2D-49D1-97BC-3654ED321F3B}") = "Platformus.Static.Backend", "..\Platformus\src\Platformus.Static.Backend\Platformus.Static.Backend.xproj", "{1F6C0B37-0F5D-4514-A301-B0D8CC04B0C6}"
EndProject
Project("{8BB2217D-0F2D-49D1-97BC-3654ED321F3B}") = "Platformus.Static.Data.Abstractions", "..\Platformus\src\Platformus.Static.Data.Abstractions\Platformus.Static.Data.Abstractions.xproj", "{51FB6833-9DDD-4E99-A2E3-FF3AD4A2E418}"
EndProject
Project("{8BB2217D-0F2D-49D1-97BC-3654ED321F3B}") = "Platformus.Static.Data.EntityFramework.SqlServer", "..\Platformus\src\Platformus.Static.Data.EntityFramework.SqlServer\Platformus.Static.Data.EntityFramework.SqlServer.xproj", "{EE203C6C-4043-44CC-97E3-403C4C53DD07}"
EndProject
Project("{8BB2217D-0F2D-49D1-97BC-3654ED321F3B}") = "Platformus.Static.Data.Models", "..\Platformus\src\Platformus.Static.Data.Models\Platformus.Static.Data.Models.xproj", "{01D2DE1A-0ECE-4231-A1EB-F41C87314136}"
EndProject
Project("{8BB2217D-0F2D-49D1-97BC-3654ED321F3B}") = "Platformus.WebApplication", "..\Platformus\src\Platformus.WebApplication\Platformus.WebApplication.xproj", "{0942191A-A90C-440C-BDA6-7565E21547AA}"
EndProject
Global
	GlobalSection(SolutionConfigurationPlatforms) = preSolution
		Debug|Any CPU = Debug|Any CPU
		Release|Any CPU = Release|Any CPU
	EndGlobalSection
	GlobalSection(ProjectConfigurationPlatforms) = postSolution
		{93FC7457-1540-41CC-8932-86746E8933FE}.Debug|Any CPU.ActiveCfg = Debug|Any CPU
		{93FC7457-1540-41CC-8932-86746E8933FE}.Debug|Any CPU.Build.0 = Debug|Any CPU
		{93FC7457-1540-41CC-8932-86746E8933FE}.Release|Any CPU.ActiveCfg = Release|Any CPU
		{93FC7457-1540-41CC-8932-86746E8933FE}.Release|Any CPU.Build.0 = Release|Any CPU
		{2513954A-B9C9-474B-8656-3350011AF8C2}.Debug|Any CPU.ActiveCfg = Debug|Any CPU
		{2513954A-B9C9-474B-8656-3350011AF8C2}.Debug|Any CPU.Build.0 = Debug|Any CPU
		{2513954A-B9C9-474B-8656-3350011AF8C2}.Debug|Any CPU.Deploy.0 = Debug|Any CPU
		{2513954A-B9C9-474B-8656-3350011AF8C2}.Release|Any CPU.ActiveCfg = Release|Any CPU
		{2513954A-B9C9-474B-8656-3350011AF8C2}.Release|Any CPU.Build.0 = Release|Any CPU
		{2513954A-B9C9-474B-8656-3350011AF8C2}.Release|Any CPU.Deploy.0 = Release|Any CPU
		{64151A0F-ED68-414F-94DD-A02D6D140B7D}.Debug|Any CPU.ActiveCfg = Debug|Any CPU
		{64151A0F-ED68-414F-94DD-A02D6D140B7D}.Debug|Any CPU.Build.0 = Debug|Any CPU
		{64151A0F-ED68-414F-94DD-A02D6D140B7D}.Release|Any CPU.ActiveCfg = Release|Any CPU
		{64151A0F-ED68-414F-94DD-A02D6D140B7D}.Release|Any CPU.Build.0 = Release|Any CPU
		{8F231936-0170-44F7-9BCA-0A7C0F04F297}.Debug|Any CPU.ActiveCfg = Debug|Any CPU
		{8F231936-0170-44F7-9BCA-0A7C0F04F297}.Debug|Any CPU.Build.0 = Debug|Any CPU
		{8F231936-0170-44F7-9BCA-0A7C0F04F297}.Release|Any CPU.ActiveCfg = Release|Any CPU
		{8F231936-0170-44F7-9BCA-0A7C0F04F297}.Release|Any CPU.Build.0 = Release|Any CPU
		{7EFA19CB-5A45-42CE-B926-1E457AD99078}.Debug|Any CPU.ActiveCfg = Debug|Any CPU
		{7EFA19CB-5A45-42CE-B926-1E457AD99078}.Debug|Any CPU.Build.0 = Debug|Any CPU
		{7EFA19CB-5A45-42CE-B926-1E457AD99078}.Release|Any CPU.ActiveCfg = Release|Any CPU
		{7EFA19CB-5A45-42CE-B926-1E457AD99078}.Release|Any CPU.Build.0 = Release|Any CPU
		{069064E9-3794-49BC-B675-73E052DAB994}.Debug|Any CPU.ActiveCfg = Debug|Any CPU
		{069064E9-3794-49BC-B675-73E052DAB994}.Debug|Any CPU.Build.0 = Debug|Any CPU
		{069064E9-3794-49BC-B675-73E052DAB994}.Release|Any CPU.ActiveCfg = Release|Any CPU
		{069064E9-3794-49BC-B675-73E052DAB994}.Release|Any CPU.Build.0 = Release|Any CPU
		{46C6C72A-78B8-4F86-8FC0-6CB27740746D}.Debug|Any CPU.ActiveCfg = Debug|Any CPU
		{46C6C72A-78B8-4F86-8FC0-6CB27740746D}.Debug|Any CPU.Build.0 = Debug|Any CPU
		{46C6C72A-78B8-4F86-8FC0-6CB27740746D}.Release|Any CPU.ActiveCfg = Release|Any CPU
		{46C6C72A-78B8-4F86-8FC0-6CB27740746D}.Release|Any CPU.Build.0 = Release|Any CPU
		{1154E9DA-CEE9-4166-A9CC-91A5904E33F4}.Debug|Any CPU.ActiveCfg = Debug|Any CPU
		{1154E9DA-CEE9-4166-A9CC-91A5904E33F4}.Debug|Any CPU.Build.0 = Debug|Any CPU
		{1154E9DA-CEE9-4166-A9CC-91A5904E33F4}.Release|Any CPU.ActiveCfg = Release|Any CPU
		{1154E9DA-CEE9-4166-A9CC-91A5904E33F4}.Release|Any CPU.Build.0 = Release|Any CPU
		{60F78224-CB5F-4D09-A24E-1ED0234B0740}.Debug|Any CPU.ActiveCfg = Debug|Any CPU
		{60F78224-CB5F-4D09-A24E-1ED0234B0740}.Debug|Any CPU.Build.0 = Debug|Any CPU
		{60F78224-CB5F-4D09-A24E-1ED0234B0740}.Release|Any CPU.ActiveCfg = Release|Any CPU
		{60F78224-CB5F-4D09-A24E-1ED0234B0740}.Release|Any CPU.Build.0 = Release|Any CPU
		{0B7DE642-F99F-4FF7-90B4-5DA187428623}.Debug|Any CPU.ActiveCfg = Debug|Any CPU
		{0B7DE642-F99F-4FF7-90B4-5DA187428623}.Debug|Any CPU.Build.0 = Debug|Any CPU
		{0B7DE642-F99F-4FF7-90B4-5DA187428623}.Release|Any CPU.ActiveCfg = Release|Any CPU
		{0B7DE642-F99F-4FF7-90B4-5DA187428623}.Release|Any CPU.Build.0 = Release|Any CPU
		{62E2F7DA-4F8B-45F7-B3FF-DC4CDD74C026}.Debug|Any CPU.ActiveCfg = Debug|Any CPU
		{62E2F7DA-4F8B-45F7-B3FF-DC4CDD74C026}.Debug|Any CPU.Build.0 = Debug|Any CPU
		{62E2F7DA-4F8B-45F7-B3FF-DC4CDD74C026}.Release|Any CPU.ActiveCfg = Release|Any CPU
		{62E2F7DA-4F8B-45F7-B3FF-DC4CDD74C026}.Release|Any CPU.Build.0 = Release|Any CPU
		{B6DA19CE-E8FE-4D74-B397-8C08C7C21299}.Debug|Any CPU.ActiveCfg = Debug|Any CPU
		{B6DA19CE-E8FE-4D74-B397-8C08C7C21299}.Debug|Any CPU.Build.0 = Debug|Any CPU
		{B6DA19CE-E8FE-4D74-B397-8C08C7C21299}.Release|Any CPU.ActiveCfg = Release|Any CPU
		{B6DA19CE-E8FE-4D74-B397-8C08C7C21299}.Release|Any CPU.Build.0 = Release|Any CPU
		{94D8F2C9-C2C4-4D92-9ACA-3C88CAC4AF36}.Debug|Any CPU.ActiveCfg = Debug|Any CPU
		{94D8F2C9-C2C4-4D92-9ACA-3C88CAC4AF36}.Debug|Any CPU.Build.0 = Debug|Any CPU
		{94D8F2C9-C2C4-4D92-9ACA-3C88CAC4AF36}.Release|Any CPU.ActiveCfg = Release|Any CPU
		{94D8F2C9-C2C4-4D92-9ACA-3C88CAC4AF36}.Release|Any CPU.Build.0 = Release|Any CPU
		{9DA42087-B86E-47ED-9FCC-218DE0381451}.Debug|Any CPU.ActiveCfg = Debug|Any CPU
		{9DA42087-B86E-47ED-9FCC-218DE0381451}.Debug|Any CPU.Build.0 = Debug|Any CPU
		{9DA42087-B86E-47ED-9FCC-218DE0381451}.Release|Any CPU.ActiveCfg = Release|Any CPU
		{9DA42087-B86E-47ED-9FCC-218DE0381451}.Release|Any CPU.Build.0 = Release|Any CPU
		{4447DB0A-96EC-4D95-B80C-A2D6CA4DC2B1}.Debug|Any CPU.ActiveCfg = Debug|Any CPU
		{4447DB0A-96EC-4D95-B80C-A2D6CA4DC2B1}.Debug|Any CPU.Build.0 = Debug|Any CPU
		{4447DB0A-96EC-4D95-B80C-A2D6CA4DC2B1}.Release|Any CPU.ActiveCfg = Release|Any CPU
		{4447DB0A-96EC-4D95-B80C-A2D6CA4DC2B1}.Release|Any CPU.Build.0 = Release|Any CPU
		{98A339DC-6CEE-42CB-BE23-EF50C0FBFC87}.Debug|Any CPU.ActiveCfg = Debug|Any CPU
		{98A339DC-6CEE-42CB-BE23-EF50C0FBFC87}.Debug|Any CPU.Build.0 = Debug|Any CPU
		{98A339DC-6CEE-42CB-BE23-EF50C0FBFC87}.Release|Any CPU.ActiveCfg = Release|Any CPU
		{98A339DC-6CEE-42CB-BE23-EF50C0FBFC87}.Release|Any CPU.Build.0 = Release|Any CPU
		{47E7DFD9-69D4-4DFF-9A61-22B2F294EC98}.Debug|Any CPU.ActiveCfg = Debug|Any CPU
		{47E7DFD9-69D4-4DFF-9A61-22B2F294EC98}.Debug|Any CPU.Build.0 = Debug|Any CPU
		{47E7DFD9-69D4-4DFF-9A61-22B2F294EC98}.Release|Any CPU.ActiveCfg = Release|Any CPU
		{47E7DFD9-69D4-4DFF-9A61-22B2F294EC98}.Release|Any CPU.Build.0 = Release|Any CPU
		{1AE32C04-99DA-4581-A624-00DCB3061F21}.Debug|Any CPU.ActiveCfg = Debug|Any CPU
		{1AE32C04-99DA-4581-A624-00DCB3061F21}.Debug|Any CPU.Build.0 = Debug|Any CPU
		{1AE32C04-99DA-4581-A624-00DCB3061F21}.Release|Any CPU.ActiveCfg = Release|Any CPU
		{1AE32C04-99DA-4581-A624-00DCB3061F21}.Release|Any CPU.Build.0 = Release|Any CPU
		{C986737E-A18A-41CD-934A-1133C22AD8E0}.Debug|Any CPU.ActiveCfg = Debug|Any CPU
		{C986737E-A18A-41CD-934A-1133C22AD8E0}.Debug|Any CPU.Build.0 = Debug|Any CPU
		{C986737E-A18A-41CD-934A-1133C22AD8E0}.Release|Any CPU.ActiveCfg = Release|Any CPU
		{C986737E-A18A-41CD-934A-1133C22AD8E0}.Release|Any CPU.Build.0 = Release|Any CPU
		{E2DEC5AE-748E-47B6-A24F-D8322F90A1F1}.Debug|Any CPU.ActiveCfg = Debug|Any CPU
		{E2DEC5AE-748E-47B6-A24F-D8322F90A1F1}.Debug|Any CPU.Build.0 = Debug|Any CPU
		{E2DEC5AE-748E-47B6-A24F-D8322F90A1F1}.Release|Any CPU.ActiveCfg = Release|Any CPU
		{E2DEC5AE-748E-47B6-A24F-D8322F90A1F1}.Release|Any CPU.Build.0 = Release|Any CPU
		{F35FCA73-1B05-40AD-B154-2702DFDA0C11}.Debug|Any CPU.ActiveCfg = Debug|Any CPU
		{F35FCA73-1B05-40AD-B154-2702DFDA0C11}.Debug|Any CPU.Build.0 = Debug|Any CPU
		{F35FCA73-1B05-40AD-B154-2702DFDA0C11}.Release|Any CPU.ActiveCfg = Release|Any CPU
		{F35FCA73-1B05-40AD-B154-2702DFDA0C11}.Release|Any CPU.Build.0 = Release|Any CPU
		{B07E4296-9C59-4A5F-BC42-91DA8222BD89}.Debug|Any CPU.ActiveCfg = Debug|Any CPU
		{B07E4296-9C59-4A5F-BC42-91DA8222BD89}.Debug|Any CPU.Build.0 = Debug|Any CPU
		{B07E4296-9C59-4A5F-BC42-91DA8222BD89}.Release|Any CPU.ActiveCfg = Release|Any CPU
		{B07E4296-9C59-4A5F-BC42-91DA8222BD89}.Release|Any CPU.Build.0 = Release|Any CPU
		{D76E2FF2-FDEF-44D5-8774-2EB942476ABE}.Debug|Any CPU.ActiveCfg = Debug|Any CPU
		{D76E2FF2-FDEF-44D5-8774-2EB942476ABE}.Debug|Any CPU.Build.0 = Debug|Any CPU
		{D76E2FF2-FDEF-44D5-8774-2EB942476ABE}.Release|Any CPU.ActiveCfg = Release|Any CPU
		{D76E2FF2-FDEF-44D5-8774-2EB942476ABE}.Release|Any CPU.Build.0 = Release|Any CPU
		{E5DF71BB-986E-44FA-8E85-364C50F322FC}.Debug|Any CPU.ActiveCfg = Debug|Any CPU
		{E5DF71BB-986E-44FA-8E85-364C50F322FC}.Debug|Any CPU.Build.0 = Debug|Any CPU
		{E5DF71BB-986E-44FA-8E85-364C50F322FC}.Release|Any CPU.ActiveCfg = Release|Any CPU
		{E5DF71BB-986E-44FA-8E85-364C50F322FC}.Release|Any CPU.Build.0 = Release|Any CPU
		{7E99AD76-CF1C-44ED-B4F7-D271D445D04D}.Debug|Any CPU.ActiveCfg = Debug|Any CPU
		{7E99AD76-CF1C-44ED-B4F7-D271D445D04D}.Debug|Any CPU.Build.0 = Debug|Any CPU
		{7E99AD76-CF1C-44ED-B4F7-D271D445D04D}.Release|Any CPU.ActiveCfg = Release|Any CPU
		{7E99AD76-CF1C-44ED-B4F7-D271D445D04D}.Release|Any CPU.Build.0 = Release|Any CPU
		{3B808DB4-925B-458F-80E9-9602A6189609}.Debug|Any CPU.ActiveCfg = Debug|Any CPU
		{3B808DB4-925B-458F-80E9-9602A6189609}.Debug|Any CPU.Build.0 = Debug|Any CPU
		{3B808DB4-925B-458F-80E9-9602A6189609}.Release|Any CPU.ActiveCfg = Release|Any CPU
		{3B808DB4-925B-458F-80E9-9602A6189609}.Release|Any CPU.Build.0 = Release|Any CPU
		{790B72DA-CAB7-44FB-A3BA-411D4CA82220}.Debug|Any CPU.ActiveCfg = Debug|Any CPU
		{790B72DA-CAB7-44FB-A3BA-411D4CA82220}.Debug|Any CPU.Build.0 = Debug|Any CPU
		{790B72DA-CAB7-44FB-A3BA-411D4CA82220}.Release|Any CPU.ActiveCfg = Release|Any CPU
		{790B72DA-CAB7-44FB-A3BA-411D4CA82220}.Release|Any CPU.Build.0 = Release|Any CPU
		{A29FAB93-9CB7-4AF4-8461-89143CBD6FCC}.Debug|Any CPU.ActiveCfg = Debug|Any CPU
		{A29FAB93-9CB7-4AF4-8461-89143CBD6FCC}.Debug|Any CPU.Build.0 = Debug|Any CPU
		{A29FAB93-9CB7-4AF4-8461-89143CBD6FCC}.Release|Any CPU.ActiveCfg = Release|Any CPU
		{A29FAB93-9CB7-4AF4-8461-89143CBD6FCC}.Release|Any CPU.Build.0 = Release|Any CPU
		{5975B30E-EA5F-4D59-9995-540E6C242409}.Debug|Any CPU.ActiveCfg = Debug|Any CPU
		{5975B30E-EA5F-4D59-9995-540E6C242409}.Debug|Any CPU.Build.0 = Debug|Any CPU
		{5975B30E-EA5F-4D59-9995-540E6C242409}.Release|Any CPU.ActiveCfg = Release|Any CPU
		{5975B30E-EA5F-4D59-9995-540E6C242409}.Release|Any CPU.Build.0 = Release|Any CPU
		{2E4B77D0-8D86-4E50-8C01-966405170180}.Debug|Any CPU.ActiveCfg = Debug|Any CPU
		{2E4B77D0-8D86-4E50-8C01-966405170180}.Debug|Any CPU.Build.0 = Debug|Any CPU
		{2E4B77D0-8D86-4E50-8C01-966405170180}.Release|Any CPU.ActiveCfg = Release|Any CPU
		{2E4B77D0-8D86-4E50-8C01-966405170180}.Release|Any CPU.Build.0 = Release|Any CPU
		{274C0139-A1EB-41DB-9B0E-1CB023F36BC6}.Debug|Any CPU.ActiveCfg = Debug|Any CPU
		{274C0139-A1EB-41DB-9B0E-1CB023F36BC6}.Debug|Any CPU.Build.0 = Debug|Any CPU
		{274C0139-A1EB-41DB-9B0E-1CB023F36BC6}.Release|Any CPU.ActiveCfg = Release|Any CPU
		{274C0139-A1EB-41DB-9B0E-1CB023F36BC6}.Release|Any CPU.Build.0 = Release|Any CPU
		{98BEE570-B1C0-4A5D-B484-3D0C409A315A}.Debug|Any CPU.ActiveCfg = Debug|Any CPU
		{98BEE570-B1C0-4A5D-B484-3D0C409A315A}.Debug|Any CPU.Build.0 = Debug|Any CPU
		{98BEE570-B1C0-4A5D-B484-3D0C409A315A}.Release|Any CPU.ActiveCfg = Release|Any CPU
		{98BEE570-B1C0-4A5D-B484-3D0C409A315A}.Release|Any CPU.Build.0 = Release|Any CPU
		{ECCE4EB3-E31B-4A96-A9C1-A7103BA7D4DC}.Debug|Any CPU.ActiveCfg = Debug|Any CPU
		{ECCE4EB3-E31B-4A96-A9C1-A7103BA7D4DC}.Debug|Any CPU.Build.0 = Debug|Any CPU
		{ECCE4EB3-E31B-4A96-A9C1-A7103BA7D4DC}.Release|Any CPU.ActiveCfg = Release|Any CPU
		{ECCE4EB3-E31B-4A96-A9C1-A7103BA7D4DC}.Release|Any CPU.Build.0 = Release|Any CPU
		{F60A7B58-72AA-41EF-A42D-478977AD36C9}.Debug|Any CPU.ActiveCfg = Debug|Any CPU
		{F60A7B58-72AA-41EF-A42D-478977AD36C9}.Debug|Any CPU.Build.0 = Debug|Any CPU
		{F60A7B58-72AA-41EF-A42D-478977AD36C9}.Release|Any CPU.ActiveCfg = Release|Any CPU
		{F60A7B58-72AA-41EF-A42D-478977AD36C9}.Release|Any CPU.Build.0 = Release|Any CPU
		{98742792-181E-4F39-B743-77FF31F854CC}.Debug|Any CPU.ActiveCfg = Debug|Any CPU
		{98742792-181E-4F39-B743-77FF31F854CC}.Debug|Any CPU.Build.0 = Debug|Any CPU
		{98742792-181E-4F39-B743-77FF31F854CC}.Release|Any CPU.ActiveCfg = Release|Any CPU
		{98742792-181E-4F39-B743-77FF31F854CC}.Release|Any CPU.Build.0 = Release|Any CPU
		{DC68B352-7D3F-4709-B076-6F74BFAC823D}.Debug|Any CPU.ActiveCfg = Debug|Any CPU
		{DC68B352-7D3F-4709-B076-6F74BFAC823D}.Debug|Any CPU.Build.0 = Debug|Any CPU
		{DC68B352-7D3F-4709-B076-6F74BFAC823D}.Release|Any CPU.ActiveCfg = Release|Any CPU
		{DC68B352-7D3F-4709-B076-6F74BFAC823D}.Release|Any CPU.Build.0 = Release|Any CPU
		{28A327D1-084F-4647-AF48-6030539EA6D0}.Debug|Any CPU.ActiveCfg = Debug|Any CPU
		{28A327D1-084F-4647-AF48-6030539EA6D0}.Debug|Any CPU.Build.0 = Debug|Any CPU
		{28A327D1-084F-4647-AF48-6030539EA6D0}.Release|Any CPU.ActiveCfg = Release|Any CPU
		{28A327D1-084F-4647-AF48-6030539EA6D0}.Release|Any CPU.Build.0 = Release|Any CPU
		{ED49FFFF-C66D-4A7D-88D6-DB8EB1E20F11}.Debug|Any CPU.ActiveCfg = Debug|Any CPU
		{ED49FFFF-C66D-4A7D-88D6-DB8EB1E20F11}.Debug|Any CPU.Build.0 = Debug|Any CPU
		{ED49FFFF-C66D-4A7D-88D6-DB8EB1E20F11}.Release|Any CPU.ActiveCfg = Release|Any CPU
		{ED49FFFF-C66D-4A7D-88D6-DB8EB1E20F11}.Release|Any CPU.Build.0 = Release|Any CPU
		{C1364FA5-CCE5-45A3-BA97-0833EB1BBC8E}.Debug|Any CPU.ActiveCfg = Debug|Any CPU
		{C1364FA5-CCE5-45A3-BA97-0833EB1BBC8E}.Debug|Any CPU.Build.0 = Debug|Any CPU
		{C1364FA5-CCE5-45A3-BA97-0833EB1BBC8E}.Release|Any CPU.ActiveCfg = Release|Any CPU
		{C1364FA5-CCE5-45A3-BA97-0833EB1BBC8E}.Release|Any CPU.Build.0 = Release|Any CPU
		{8D565D18-5290-4EAD-A718-F73EB500B695}.Debug|Any CPU.ActiveCfg = Debug|Any CPU
		{8D565D18-5290-4EAD-A718-F73EB500B695}.Debug|Any CPU.Build.0 = Debug|Any CPU
		{8D565D18-5290-4EAD-A718-F73EB500B695}.Release|Any CPU.ActiveCfg = Release|Any CPU
		{8D565D18-5290-4EAD-A718-F73EB500B695}.Release|Any CPU.Build.0 = Release|Any CPU
		{21285B6B-31D6-4214-8A97-93AC77F158D4}.Debug|Any CPU.ActiveCfg = Debug|Any CPU
		{21285B6B-31D6-4214-8A97-93AC77F158D4}.Debug|Any CPU.Build.0 = Debug|Any CPU
		{21285B6B-31D6-4214-8A97-93AC77F158D4}.Release|Any CPU.ActiveCfg = Release|Any CPU
		{21285B6B-31D6-4214-8A97-93AC77F158D4}.Release|Any CPU.Build.0 = Release|Any CPU
		{67374D31-113B-480C-9866-F7A596A532A4}.Debug|Any CPU.ActiveCfg = Debug|Any CPU
		{67374D31-113B-480C-9866-F7A596A532A4}.Debug|Any CPU.Build.0 = Debug|Any CPU
		{67374D31-113B-480C-9866-F7A596A532A4}.Release|Any CPU.ActiveCfg = Release|Any CPU
		{67374D31-113B-480C-9866-F7A596A532A4}.Release|Any CPU.Build.0 = Release|Any CPU
		{7825B5C6-A077-4B3E-816D-E9C27F525904}.Debug|Any CPU.ActiveCfg = Debug|Any CPU
		{7825B5C6-A077-4B3E-816D-E9C27F525904}.Debug|Any CPU.Build.0 = Debug|Any CPU
		{7825B5C6-A077-4B3E-816D-E9C27F525904}.Release|Any CPU.ActiveCfg = Release|Any CPU
		{7825B5C6-A077-4B3E-816D-E9C27F525904}.Release|Any CPU.Build.0 = Release|Any CPU
		{84044C80-F0B4-4B19-935D-20DA5A0C7C39}.Debug|Any CPU.ActiveCfg = Debug|Any CPU
		{84044C80-F0B4-4B19-935D-20DA5A0C7C39}.Debug|Any CPU.Build.0 = Debug|Any CPU
		{84044C80-F0B4-4B19-935D-20DA5A0C7C39}.Release|Any CPU.ActiveCfg = Release|Any CPU
		{84044C80-F0B4-4B19-935D-20DA5A0C7C39}.Release|Any CPU.Build.0 = Release|Any CPU
		{BD448EAD-3F90-4363-BF0D-A2307BE115E1}.Debug|Any CPU.ActiveCfg = Debug|Any CPU
		{BD448EAD-3F90-4363-BF0D-A2307BE115E1}.Debug|Any CPU.Build.0 = Debug|Any CPU
		{BD448EAD-3F90-4363-BF0D-A2307BE115E1}.Release|Any CPU.ActiveCfg = Release|Any CPU
		{BD448EAD-3F90-4363-BF0D-A2307BE115E1}.Release|Any CPU.Build.0 = Release|Any CPU
		{642F44BD-D153-4EA8-A331-A700FE737E8A}.Debug|Any CPU.ActiveCfg = Debug|Any CPU
		{642F44BD-D153-4EA8-A331-A700FE737E8A}.Debug|Any CPU.Build.0 = Debug|Any CPU
		{642F44BD-D153-4EA8-A331-A700FE737E8A}.Release|Any CPU.ActiveCfg = Release|Any CPU
		{642F44BD-D153-4EA8-A331-A700FE737E8A}.Release|Any CPU.Build.0 = Release|Any CPU
		{37D9DD58-7E94-4498-A03D-0D99369118C2}.Debug|Any CPU.ActiveCfg = Debug|Any CPU
		{37D9DD58-7E94-4498-A03D-0D99369118C2}.Debug|Any CPU.Build.0 = Debug|Any CPU
		{37D9DD58-7E94-4498-A03D-0D99369118C2}.Release|Any CPU.ActiveCfg = Release|Any CPU
		{37D9DD58-7E94-4498-A03D-0D99369118C2}.Release|Any CPU.Build.0 = Release|Any CPU
		{3DA491A9-0427-4534-963F-7ED4F5675009}.Debug|Any CPU.ActiveCfg = Debug|Any CPU
		{3DA491A9-0427-4534-963F-7ED4F5675009}.Debug|Any CPU.Build.0 = Debug|Any CPU
		{3DA491A9-0427-4534-963F-7ED4F5675009}.Release|Any CPU.ActiveCfg = Release|Any CPU
		{3DA491A9-0427-4534-963F-7ED4F5675009}.Release|Any CPU.Build.0 = Release|Any CPU
		{C935E2F4-A9C6-4D6F-8CA6-191792B0820C}.Debug|Any CPU.ActiveCfg = Debug|Any CPU
		{C935E2F4-A9C6-4D6F-8CA6-191792B0820C}.Debug|Any CPU.Build.0 = Debug|Any CPU
		{C935E2F4-A9C6-4D6F-8CA6-191792B0820C}.Release|Any CPU.ActiveCfg = Release|Any CPU
		{C935E2F4-A9C6-4D6F-8CA6-191792B0820C}.Release|Any CPU.Build.0 = Release|Any CPU
		{1F6C0B37-0F5D-4514-A301-B0D8CC04B0C6}.Debug|Any CPU.ActiveCfg = Debug|Any CPU
		{1F6C0B37-0F5D-4514-A301-B0D8CC04B0C6}.Debug|Any CPU.Build.0 = Debug|Any CPU
		{1F6C0B37-0F5D-4514-A301-B0D8CC04B0C6}.Release|Any CPU.ActiveCfg = Release|Any CPU
		{1F6C0B37-0F5D-4514-A301-B0D8CC04B0C6}.Release|Any CPU.Build.0 = Release|Any CPU
		{51FB6833-9DDD-4E99-A2E3-FF3AD4A2E418}.Debug|Any CPU.ActiveCfg = Debug|Any CPU
		{51FB6833-9DDD-4E99-A2E3-FF3AD4A2E418}.Debug|Any CPU.Build.0 = Debug|Any CPU
		{51FB6833-9DDD-4E99-A2E3-FF3AD4A2E418}.Release|Any CPU.ActiveCfg = Release|Any CPU
		{51FB6833-9DDD-4E99-A2E3-FF3AD4A2E418}.Release|Any CPU.Build.0 = Release|Any CPU
		{EE203C6C-4043-44CC-97E3-403C4C53DD07}.Debug|Any CPU.ActiveCfg = Debug|Any CPU
		{EE203C6C-4043-44CC-97E3-403C4C53DD07}.Debug|Any CPU.Build.0 = Debug|Any CPU
		{EE203C6C-4043-44CC-97E3-403C4C53DD07}.Release|Any CPU.ActiveCfg = Release|Any CPU
		{EE203C6C-4043-44CC-97E3-403C4C53DD07}.Release|Any CPU.Build.0 = Release|Any CPU
		{01D2DE1A-0ECE-4231-A1EB-F41C87314136}.Debug|Any CPU.ActiveCfg = Debug|Any CPU
		{01D2DE1A-0ECE-4231-A1EB-F41C87314136}.Debug|Any CPU.Build.0 = Debug|Any CPU
		{01D2DE1A-0ECE-4231-A1EB-F41C87314136}.Release|Any CPU.ActiveCfg = Release|Any CPU
		{01D2DE1A-0ECE-4231-A1EB-F41C87314136}.Release|Any CPU.Build.0 = Release|Any CPU
		{0942191A-A90C-440C-BDA6-7565E21547AA}.Debug|Any CPU.ActiveCfg = Debug|Any CPU
		{0942191A-A90C-440C-BDA6-7565E21547AA}.Debug|Any CPU.Build.0 = Debug|Any CPU
		{0942191A-A90C-440C-BDA6-7565E21547AA}.Release|Any CPU.ActiveCfg = Release|Any CPU
		{0942191A-A90C-440C-BDA6-7565E21547AA}.Release|Any CPU.Build.0 = Release|Any CPU
	EndGlobalSection
	GlobalSection(SolutionProperties) = preSolution
		HideSolutionNode = FALSE
	EndGlobalSection
	GlobalSection(NestedProjects) = preSolution
		{93FC7457-1540-41CC-8932-86746E8933FE} = {183B03E0-A11A-43DD-9C61-BC2524FC80D2}
		{2513954A-B9C9-474B-8656-3350011AF8C2} = {782AD7A8-D4B9-4432-8631-4014394D1D1F}
		{64151A0F-ED68-414F-94DD-A02D6D140B7D} = {EB342935-A43C-42EB-BE54-85B1F0BD0717}
		{8F231936-0170-44F7-9BCA-0A7C0F04F297} = {EB342935-A43C-42EB-BE54-85B1F0BD0717}
		{7EFA19CB-5A45-42CE-B926-1E457AD99078} = {EB342935-A43C-42EB-BE54-85B1F0BD0717}
		{069064E9-3794-49BC-B675-73E052DAB994} = {EB342935-A43C-42EB-BE54-85B1F0BD0717}
		{46C6C72A-78B8-4F86-8FC0-6CB27740746D} = {EB342935-A43C-42EB-BE54-85B1F0BD0717}
		{1154E9DA-CEE9-4166-A9CC-91A5904E33F4} = {EB342935-A43C-42EB-BE54-85B1F0BD0717}
		{60F78224-CB5F-4D09-A24E-1ED0234B0740} = {EB342935-A43C-42EB-BE54-85B1F0BD0717}
		{0B7DE642-F99F-4FF7-90B4-5DA187428623} = {EB342935-A43C-42EB-BE54-85B1F0BD0717}
		{EB342935-A43C-42EB-BE54-85B1F0BD0717} = {183B03E0-A11A-43DD-9C61-BC2524FC80D2}
	EndGlobalSection
EndGlobal
