
Microsoft Visual Studio Solution File, Format Version 12.00
# Visual Studio 14
VisualStudioVersion = 14.0.24720.0
MinimumVisualStudioVersion = 10.0.40219.1
Project("{2150E333-8FDC-42A3-9474-1A3956D46DE8}") = "src", "src", "{183B03E0-A11A-43DD-9C61-BC2524FC80D2}"
EndProject
Project("{2150E333-8FDC-42A3-9474-1A3956D46DE8}") = "Solution Items", "Solution Items", "{73A16176-7243-4692-8BA2-925440B57A81}"
	ProjectSection(SolutionItems) = preProject
		global.json = global.json
	EndProjectSection
EndProject
Project("{8BB2217D-0F2D-49D1-97BC-3654ED321F3B}") = "HRExpert", "src\HRExpert\HRExpert.xproj", "{93FC7457-1540-41CC-8932-86746E8933FE}"
EndProject
Project("{2150E333-8FDC-42A3-9474-1A3956D46DE8}") = "Database", "Database", "{782AD7A8-D4B9-4432-8631-4014394D1D1F}"
EndProject
Project("{00D1A9C2-B5F0-4AF3-8072-F6C62B433612}") = "HRExpert.Database", "HRExpert.Database\HRExpert.Database.sqlproj", "{2513954A-B9C9-474B-8656-3350011AF8C2}"
EndProject
Project("{2150E333-8FDC-42A3-9474-1A3956D46DE8}") = "Core", "Core", "{A3B8A7AA-1B5B-42B8-85FA-1CD685FFFF54}"
EndProject
Project("{8BB2217D-0F2D-49D1-97BC-3654ED321F3B}") = "HRExpert.Core", "src\Core\HRExpert.Core\HRExpert.Core.xproj", "{449206EF-916C-4C3C-9737-C91A91220982}"
EndProject
Project("{2150E333-8FDC-42A3-9474-1A3956D46DE8}") = "Shared", "Shared", "{4619A138-8E2D-42C2-B755-38036BE56BF6}"
EndProject
Project("{8BB2217D-0F2D-49D1-97BC-3654ED321F3B}") = "Tools", "src\Tools\Tools.xproj", "{BA559D27-DD9C-4009-9DE1-DF21A50E34D7}"
EndProject
Project("{8BB2217D-0F2D-49D1-97BC-3654ED321F3B}") = "HRExpert.Core.Data.Models", "src\Core\HRExpert.Core.Data.Models\HRExpert.Core.Data.Models.xproj", "{30EE7708-DDB6-42CF-BACE-F68D6FC5B3E5}"
EndProject
Project("{8BB2217D-0F2D-49D1-97BC-3654ED321F3B}") = "HRExpert.Core.Data.Models.Abstractions", "src\Core\HRExpert.Core.Data.Models.Abstractions\HRExpert.Core.Data.Models.Abstractions.xproj", "{B684D4DE-5DF6-4575-A9DB-9C9155D452D1}"
EndProject
Project("{8BB2217D-0F2D-49D1-97BC-3654ED321F3B}") = "HRExpert.Core.BL", "src\Core\HRExpert.Core.BL\HRExpert.Core.BL.xproj", "{764F0FDB-EA1D-4097-93E5-F400E5B776DB}"
EndProject
Project("{8BB2217D-0F2D-49D1-97BC-3654ED321F3B}") = "HRExpert.Core.BL.Abstractions", "src\Core\HRExpert.Core.BL.Abstractions\HRExpert.Core.BL.Abstractions.xproj", "{D0BBE66F-F648-40B0-870A-C15FF8D69E9A}"
EndProject
Project("{8BB2217D-0F2D-49D1-97BC-3654ED321F3B}") = "HRExpert.Core.Data.Abstractions", "src\Core\HRExpert.Core.Data.Abstractions\HRExpert.Core.Data.Abstractions.xproj", "{A0E12999-00BE-4EBE-ADB1-812F38A9068A}"
EndProject
Project("{8BB2217D-0F2D-49D1-97BC-3654ED321F3B}") = "HRExpert.Core.Data.EntityFramework.SqlServer", "src\Core\HRExpert.Core.Data.EntityFramework.SqlServer\HRExpert.Core.Data.EntityFramework.SqlServer.xproj", "{3F59B788-694A-44E6-987F-8D74865ECCE1}"
EndProject
Global
	GlobalSection(SolutionConfigurationPlatforms) = preSolution
		Debug|Any CPU = Debug|Any CPU
		Release|Any CPU = Release|Any CPU
	EndGlobalSection
	GlobalSection(ProjectConfigurationPlatforms) = postSolution
		{93FC7457-1540-41CC-8932-86746E8933FE}.Debug|Any CPU.ActiveCfg = Debug|Any CPU
		{93FC7457-1540-41CC-8932-86746E8933FE}.Debug|Any CPU.Build.0 = Debug|Any CPU
		{93FC7457-1540-41CC-8932-86746E8933FE}.Release|Any CPU.ActiveCfg = Release|Any CPU
		{93FC7457-1540-41CC-8932-86746E8933FE}.Release|Any CPU.Build.0 = Release|Any CPU
		{2513954A-B9C9-474B-8656-3350011AF8C2}.Debug|Any CPU.ActiveCfg = Debug|Any CPU
		{2513954A-B9C9-474B-8656-3350011AF8C2}.Debug|Any CPU.Build.0 = Debug|Any CPU
		{2513954A-B9C9-474B-8656-3350011AF8C2}.Debug|Any CPU.Deploy.0 = Debug|Any CPU
		{2513954A-B9C9-474B-8656-3350011AF8C2}.Release|Any CPU.ActiveCfg = Release|Any CPU
		{2513954A-B9C9-474B-8656-3350011AF8C2}.Release|Any CPU.Build.0 = Release|Any CPU
		{2513954A-B9C9-474B-8656-3350011AF8C2}.Release|Any CPU.Deploy.0 = Release|Any CPU
		{449206EF-916C-4C3C-9737-C91A91220982}.Debug|Any CPU.ActiveCfg = Debug|Any CPU
		{449206EF-916C-4C3C-9737-C91A91220982}.Debug|Any CPU.Build.0 = Debug|Any CPU
		{449206EF-916C-4C3C-9737-C91A91220982}.Release|Any CPU.ActiveCfg = Release|Any CPU
		{449206EF-916C-4C3C-9737-C91A91220982}.Release|Any CPU.Build.0 = Release|Any CPU
		{BA559D27-DD9C-4009-9DE1-DF21A50E34D7}.Debug|Any CPU.ActiveCfg = Debug|Any CPU
		{BA559D27-DD9C-4009-9DE1-DF21A50E34D7}.Debug|Any CPU.Build.0 = Debug|Any CPU
		{BA559D27-DD9C-4009-9DE1-DF21A50E34D7}.Release|Any CPU.ActiveCfg = Release|Any CPU
		{BA559D27-DD9C-4009-9DE1-DF21A50E34D7}.Release|Any CPU.Build.0 = Release|Any CPU
		{30EE7708-DDB6-42CF-BACE-F68D6FC5B3E5}.Debug|Any CPU.ActiveCfg = Debug|Any CPU
		{30EE7708-DDB6-42CF-BACE-F68D6FC5B3E5}.Debug|Any CPU.Build.0 = Debug|Any CPU
		{30EE7708-DDB6-42CF-BACE-F68D6FC5B3E5}.Release|Any CPU.ActiveCfg = Release|Any CPU
		{30EE7708-DDB6-42CF-BACE-F68D6FC5B3E5}.Release|Any CPU.Build.0 = Release|Any CPU
		{B684D4DE-5DF6-4575-A9DB-9C9155D452D1}.Debug|Any CPU.ActiveCfg = Debug|Any CPU
		{B684D4DE-5DF6-4575-A9DB-9C9155D452D1}.Debug|Any CPU.Build.0 = Debug|Any CPU
		{B684D4DE-5DF6-4575-A9DB-9C9155D452D1}.Release|Any CPU.ActiveCfg = Release|Any CPU
		{B684D4DE-5DF6-4575-A9DB-9C9155D452D1}.Release|Any CPU.Build.0 = Release|Any CPU
		{764F0FDB-EA1D-4097-93E5-F400E5B776DB}.Debug|Any CPU.ActiveCfg = Debug|Any CPU
		{764F0FDB-EA1D-4097-93E5-F400E5B776DB}.Debug|Any CPU.Build.0 = Debug|Any CPU
		{764F0FDB-EA1D-4097-93E5-F400E5B776DB}.Release|Any CPU.ActiveCfg = Release|Any CPU
		{764F0FDB-EA1D-4097-93E5-F400E5B776DB}.Release|Any CPU.Build.0 = Release|Any CPU
		{D0BBE66F-F648-40B0-870A-C15FF8D69E9A}.Debug|Any CPU.ActiveCfg = Debug|Any CPU
		{D0BBE66F-F648-40B0-870A-C15FF8D69E9A}.Debug|Any CPU.Build.0 = Debug|Any CPU
		{D0BBE66F-F648-40B0-870A-C15FF8D69E9A}.Release|Any CPU.ActiveCfg = Release|Any CPU
		{D0BBE66F-F648-40B0-870A-C15FF8D69E9A}.Release|Any CPU.Build.0 = Release|Any CPU
		{A0E12999-00BE-4EBE-ADB1-812F38A9068A}.Debug|Any CPU.ActiveCfg = Debug|Any CPU
		{A0E12999-00BE-4EBE-ADB1-812F38A9068A}.Debug|Any CPU.Build.0 = Debug|Any CPU
		{A0E12999-00BE-4EBE-ADB1-812F38A9068A}.Release|Any CPU.ActiveCfg = Release|Any CPU
		{A0E12999-00BE-4EBE-ADB1-812F38A9068A}.Release|Any CPU.Build.0 = Release|Any CPU
		{3F59B788-694A-44E6-987F-8D74865ECCE1}.Debug|Any CPU.ActiveCfg = Debug|Any CPU
		{3F59B788-694A-44E6-987F-8D74865ECCE1}.Debug|Any CPU.Build.0 = Debug|Any CPU
		{3F59B788-694A-44E6-987F-8D74865ECCE1}.Release|Any CPU.ActiveCfg = Release|Any CPU
		{3F59B788-694A-44E6-987F-8D74865ECCE1}.Release|Any CPU.Build.0 = Release|Any CPU
	EndGlobalSection
	GlobalSection(SolutionProperties) = preSolution
		HideSolutionNode = FALSE
	EndGlobalSection
	GlobalSection(NestedProjects) = preSolution
		{93FC7457-1540-41CC-8932-86746E8933FE} = {183B03E0-A11A-43DD-9C61-BC2524FC80D2}
		{2513954A-B9C9-474B-8656-3350011AF8C2} = {782AD7A8-D4B9-4432-8631-4014394D1D1F}
		{A3B8A7AA-1B5B-42B8-85FA-1CD685FFFF54} = {183B03E0-A11A-43DD-9C61-BC2524FC80D2}
		{449206EF-916C-4C3C-9737-C91A91220982} = {A3B8A7AA-1B5B-42B8-85FA-1CD685FFFF54}
		{4619A138-8E2D-42C2-B755-38036BE56BF6} = {183B03E0-A11A-43DD-9C61-BC2524FC80D2}
		{BA559D27-DD9C-4009-9DE1-DF21A50E34D7} = {4619A138-8E2D-42C2-B755-38036BE56BF6}
		{30EE7708-DDB6-42CF-BACE-F68D6FC5B3E5} = {A3B8A7AA-1B5B-42B8-85FA-1CD685FFFF54}
		{B684D4DE-5DF6-4575-A9DB-9C9155D452D1} = {A3B8A7AA-1B5B-42B8-85FA-1CD685FFFF54}
		{764F0FDB-EA1D-4097-93E5-F400E5B776DB} = {A3B8A7AA-1B5B-42B8-85FA-1CD685FFFF54}
		{D0BBE66F-F648-40B0-870A-C15FF8D69E9A} = {A3B8A7AA-1B5B-42B8-85FA-1CD685FFFF54}
		{A0E12999-00BE-4EBE-ADB1-812F38A9068A} = {A3B8A7AA-1B5B-42B8-85FA-1CD685FFFF54}
		{3F59B788-694A-44E6-987F-8D74865ECCE1} = {A3B8A7AA-1B5B-42B8-85FA-1CD685FFFF54}
	EndGlobalSection
EndGlobal
